
Microsoft Visual Studio Solution File, Format Version 12.00
# Visual Studio Version 17
VisualStudioVersion = 17.8.34408.163
MinimumVisualStudioVersion = 10.0.40219.1
Project("{2150E333-8FDC-42A3-9474-1A3956D46DE8}") = "Data", "Data", "{1DE7BFCB-B0FE-4872-B52C-C9120E55E8F9}"
EndProject
Project("{2150E333-8FDC-42A3-9474-1A3956D46DE8}") = "Systems", "Systems", "{22D9D707-B36C-494D-9987-7FE807D8C434}"
EndProject
Project("{2150E333-8FDC-42A3-9474-1A3956D46DE8}") = "Shared", "Shared", "{C21618ED-DFE8-4CFF-BB14-D88740EC1876}"
EndProject
Project("{2150E333-8FDC-42A3-9474-1A3956D46DE8}") = "Services", "Services", "{2171B9DA-8C62-46DC-9C32-3D18A1A7E896}"
EndProject
Project("{2150E333-8FDC-42A3-9474-1A3956D46DE8}") = "Api", "Api", "{3C6AF3EC-359E-461F-8DE6-A87D1BBF1244}"
EndProject
Project("{2150E333-8FDC-42A3-9474-1A3956D46DE8}") = "Workers", "Workers", "{22EAA0D2-BD8D-4839-B809-BA8E593762CD}"
EndProject
Project("{2150E333-8FDC-42A3-9474-1A3956D46DE8}") = "Web", "Web", "{97FAFFC1-5A4A-4A76-8F8A-2399AE0915B5}"
EndProject
Project("{9A19103F-16F7-4668-BE54-9A1E7A4F7556}") = "GShop.api", "Systems\Api\GShop.api\GShop.api.csproj", "{049449B3-4923-4202-B07A-3A8E2E2B5B45}"
EndProject
Project("{9A19103F-16F7-4668-BE54-9A1E7A4F7556}") = "GShop.Common", "Shared\GShop.Common\GShop.Common.csproj", "{B4009A03-FD4E-4009-8A1D-D0955A9B6F06}"
EndProject
Project("{9A19103F-16F7-4668-BE54-9A1E7A4F7556}") = "GShop.Services.Logger", "Services\GShop.Services.Logger\GShop.Services.Logger.csproj", "{60985108-7B64-43FB-84CE-DE428000D441}"
EndProject
Project("{9A19103F-16F7-4668-BE54-9A1E7A4F7556}") = "GShop.Services.Settings", "Services\GShop.Services.Settings\GShop.Services.Settings.csproj", "{DFFE761F-E0B1-4A76-A27A-84D3B8D5ACFB}"
EndProject
Project("{9A19103F-16F7-4668-BE54-9A1E7A4F7556}") = "GShop.Context", "Data\GShop.Context\GShop.Context.csproj", "{B6E39722-F588-47FE-AB0B-825CF59D6880}"
EndProject
Project("{9A19103F-16F7-4668-BE54-9A1E7A4F7556}") = "GShop.Context.Entities", "Data\GShop.Context.Entities\GShop.Context.Entities.csproj", "{C8428822-BC3C-41C0-AA57-AB0330E696B6}"
EndProject
Project("{9A19103F-16F7-4668-BE54-9A1E7A4F7556}") = "GShop.Context.Seeder", "Data\GShop.Context.Seeder\GShop.Context.Seeder.csproj", "{C0259389-D4ED-4B26-AE07-28E8D887A3EF}"
EndProject
Project("{2150E333-8FDC-42A3-9474-1A3956D46DE8}") = "Migrations", "Migrations", "{F70CBA29-8D4A-4142-8C9D-EAC2533D106D}"
EndProject
Project("{9A19103F-16F7-4668-BE54-9A1E7A4F7556}") = "GShop.Context.Migrations.PgSql", "Data\GShop.Context.Migrations\GShop.Context.Migrations.PgSql\GShop.Context.Migrations.PgSql.csproj", "{07968C59-63DF-41D9-8E50-130E0DF88816}"
EndProject
Project("{9A19103F-16F7-4668-BE54-9A1E7A4F7556}") = "GShop.Context.Migrations.MSSQL", "Data\GShop.Context.Migrations\GShop.Context.Migrations.MSSQL\GShop.Context.Migrations.MSSQL.csproj", "{BB3620C5-E789-4573-991B-DD975E6C12DD}"
EndProject
Project("{9A19103F-16F7-4668-BE54-9A1E7A4F7556}") = "GShop.Context.Migrations.MySql", "Data\GShop.Context.Migrations\GShop.Context.Migrations.MySql\GShop.Context.Migrations.MySql.csproj", "{9F06A607-2396-49D3-AA2C-4162FAFB6708}"
EndProject
Project("{9A19103F-16F7-4668-BE54-9A1E7A4F7556}") = "GShop.Services.Gadgets", "Services\GShop.Services.Gadgets\GShop.Services.Gadgets.csproj", "{EB561700-4B88-4D10-BC20-0C70F085536D}"
EndProject
Project("{9A19103F-16F7-4668-BE54-9A1E7A4F7556}") = "Gshop.Api.Settings", "Systems\Api\Gshop.Api.Settings\Gshop.Api.Settings.csproj", "{D05DF8A4-CFFE-4DE6-8CF3-1366419E677F}"
EndProject
Project("{2150E333-8FDC-42A3-9474-1A3956D46DE8}") = "_docker", "_docker", "{7F51C4B7-41CF-4417-911E-E47AD024EA8C}"
	ProjectSection(SolutionItems) = preProject
		.dockerignore = .dockerignore
		docker-compose.override.yml = docker-compose.override.yml
		docker-compose.yml = docker-compose.yml
		env.api = env.api
		env.email = env.email
		env.identity = env.identity
		env.worker = env.worker
	EndProjectSection
EndProject
Project("{9A19103F-16F7-4668-BE54-9A1E7A4F7556}") = "GShop.Services.RabbitMq", "Services\GShop.Services.RabbitMq\GShop.Services.RabbitMq.csproj", "{66817ABB-DF62-4A44-BEE0-04AD418E2B92}"
EndProject
Project("{9A19103F-16F7-4668-BE54-9A1E7A4F7556}") = "GShop.Services.Actions", "Services\GShop.Services.Actions\GShop.Services.Actions.csproj", "{93B00858-A15A-497E-8C16-F422D254BC23}"
EndProject
Project("{9A19103F-16F7-4668-BE54-9A1E7A4F7556}") = "GShop.Worker", "Systems\Workers\GShop.Worker\GShop.Worker.csproj", "{00AAB389-830E-4144-B360-D73D3ACC80B1}"
EndProject
Project("{2150E333-8FDC-42A3-9474-1A3956D46DE8}") = "Identity", "Identity", "{C84DA52B-BCCF-45D9-9FFA-60BCA650ECE9}"
EndProject
Project("{2150E333-8FDC-42A3-9474-1A3956D46DE8}") = "Tests", "Tests", "{176EF3FD-4F7D-4D14-B909-388507102D25}"
EndProject
Project("{9A19103F-16F7-4668-BE54-9A1E7A4F7556}") = "GShop.Identity", "Systems\Identity\GShop.Identity\GShop.Identity.csproj", "{B46B4E34-0965-4E8E-8CE3-CB0A98C3E5F7}"
EndProject
Project("{9A19103F-16F7-4668-BE54-9A1E7A4F7556}") = "GShop.Services.UserAccount", "Services\GShop.Services.UserAccount\GShop.Services.UserAccount.csproj", "{04D162B2-E4C2-46E7-B701-4F8AF7A693B6}"
EndProject
Project("{9A19103F-16F7-4668-BE54-9A1E7A4F7556}") = "GShop.EmailSender", "Systems\Workers\GShop.EmailSender\GShop.EmailSender.csproj", "{A4A0F88A-E9B2-4FE6-B704-EF3B026CFAF4}"
EndProject
Global
	GlobalSection(SolutionConfigurationPlatforms) = preSolution
		Debug|Any CPU = Debug|Any CPU
		Release|Any CPU = Release|Any CPU
	EndGlobalSection
	GlobalSection(ProjectConfigurationPlatforms) = postSolution
		{049449B3-4923-4202-B07A-3A8E2E2B5B45}.Debug|Any CPU.ActiveCfg = Debug|Any CPU
		{049449B3-4923-4202-B07A-3A8E2E2B5B45}.Debug|Any CPU.Build.0 = Debug|Any CPU
		{049449B3-4923-4202-B07A-3A8E2E2B5B45}.Release|Any CPU.ActiveCfg = Release|Any CPU
		{049449B3-4923-4202-B07A-3A8E2E2B5B45}.Release|Any CPU.Build.0 = Release|Any CPU
		{B4009A03-FD4E-4009-8A1D-D0955A9B6F06}.Debug|Any CPU.ActiveCfg = Debug|Any CPU
		{B4009A03-FD4E-4009-8A1D-D0955A9B6F06}.Debug|Any CPU.Build.0 = Debug|Any CPU
		{B4009A03-FD4E-4009-8A1D-D0955A9B6F06}.Release|Any CPU.ActiveCfg = Release|Any CPU
		{B4009A03-FD4E-4009-8A1D-D0955A9B6F06}.Release|Any CPU.Build.0 = Release|Any CPU
		{60985108-7B64-43FB-84CE-DE428000D441}.Debug|Any CPU.ActiveCfg = Debug|Any CPU
		{60985108-7B64-43FB-84CE-DE428000D441}.Debug|Any CPU.Build.0 = Debug|Any CPU
		{60985108-7B64-43FB-84CE-DE428000D441}.Release|Any CPU.ActiveCfg = Release|Any CPU
		{60985108-7B64-43FB-84CE-DE428000D441}.Release|Any CPU.Build.0 = Release|Any CPU
		{DFFE761F-E0B1-4A76-A27A-84D3B8D5ACFB}.Debug|Any CPU.ActiveCfg = Debug|Any CPU
		{DFFE761F-E0B1-4A76-A27A-84D3B8D5ACFB}.Debug|Any CPU.Build.0 = Debug|Any CPU
		{DFFE761F-E0B1-4A76-A27A-84D3B8D5ACFB}.Release|Any CPU.ActiveCfg = Release|Any CPU
		{DFFE761F-E0B1-4A76-A27A-84D3B8D5ACFB}.Release|Any CPU.Build.0 = Release|Any CPU
		{B6E39722-F588-47FE-AB0B-825CF59D6880}.Debug|Any CPU.ActiveCfg = Debug|Any CPU
		{B6E39722-F588-47FE-AB0B-825CF59D6880}.Debug|Any CPU.Build.0 = Debug|Any CPU
		{B6E39722-F588-47FE-AB0B-825CF59D6880}.Release|Any CPU.ActiveCfg = Release|Any CPU
		{B6E39722-F588-47FE-AB0B-825CF59D6880}.Release|Any CPU.Build.0 = Release|Any CPU
		{C8428822-BC3C-41C0-AA57-AB0330E696B6}.Debug|Any CPU.ActiveCfg = Debug|Any CPU
		{C8428822-BC3C-41C0-AA57-AB0330E696B6}.Debug|Any CPU.Build.0 = Debug|Any CPU
		{C8428822-BC3C-41C0-AA57-AB0330E696B6}.Release|Any CPU.ActiveCfg = Release|Any CPU
		{C8428822-BC3C-41C0-AA57-AB0330E696B6}.Release|Any CPU.Build.0 = Release|Any CPU
		{C0259389-D4ED-4B26-AE07-28E8D887A3EF}.Debug|Any CPU.ActiveCfg = Debug|Any CPU
		{C0259389-D4ED-4B26-AE07-28E8D887A3EF}.Debug|Any CPU.Build.0 = Debug|Any CPU
		{C0259389-D4ED-4B26-AE07-28E8D887A3EF}.Release|Any CPU.ActiveCfg = Release|Any CPU
		{C0259389-D4ED-4B26-AE07-28E8D887A3EF}.Release|Any CPU.Build.0 = Release|Any CPU
		{07968C59-63DF-41D9-8E50-130E0DF88816}.Debug|Any CPU.ActiveCfg = Debug|Any CPU
		{07968C59-63DF-41D9-8E50-130E0DF88816}.Debug|Any CPU.Build.0 = Debug|Any CPU
		{07968C59-63DF-41D9-8E50-130E0DF88816}.Release|Any CPU.ActiveCfg = Release|Any CPU
		{07968C59-63DF-41D9-8E50-130E0DF88816}.Release|Any CPU.Build.0 = Release|Any CPU
		{BB3620C5-E789-4573-991B-DD975E6C12DD}.Debug|Any CPU.ActiveCfg = Debug|Any CPU
		{BB3620C5-E789-4573-991B-DD975E6C12DD}.Debug|Any CPU.Build.0 = Debug|Any CPU
		{BB3620C5-E789-4573-991B-DD975E6C12DD}.Release|Any CPU.ActiveCfg = Release|Any CPU
		{BB3620C5-E789-4573-991B-DD975E6C12DD}.Release|Any CPU.Build.0 = Release|Any CPU
		{9F06A607-2396-49D3-AA2C-4162FAFB6708}.Debug|Any CPU.ActiveCfg = Debug|Any CPU
		{9F06A607-2396-49D3-AA2C-4162FAFB6708}.Debug|Any CPU.Build.0 = Debug|Any CPU
		{9F06A607-2396-49D3-AA2C-4162FAFB6708}.Release|Any CPU.ActiveCfg = Release|Any CPU
		{9F06A607-2396-49D3-AA2C-4162FAFB6708}.Release|Any CPU.Build.0 = Release|Any CPU
		{EB561700-4B88-4D10-BC20-0C70F085536D}.Debug|Any CPU.ActiveCfg = Debug|Any CPU
		{EB561700-4B88-4D10-BC20-0C70F085536D}.Debug|Any CPU.Build.0 = Debug|Any CPU
		{EB561700-4B88-4D10-BC20-0C70F085536D}.Release|Any CPU.ActiveCfg = Release|Any CPU
		{EB561700-4B88-4D10-BC20-0C70F085536D}.Release|Any CPU.Build.0 = Release|Any CPU
		{D05DF8A4-CFFE-4DE6-8CF3-1366419E677F}.Debug|Any CPU.ActiveCfg = Debug|Any CPU
		{D05DF8A4-CFFE-4DE6-8CF3-1366419E677F}.Debug|Any CPU.Build.0 = Debug|Any CPU
		{D05DF8A4-CFFE-4DE6-8CF3-1366419E677F}.Release|Any CPU.ActiveCfg = Release|Any CPU
		{D05DF8A4-CFFE-4DE6-8CF3-1366419E677F}.Release|Any CPU.Build.0 = Release|Any CPU
		{66817ABB-DF62-4A44-BEE0-04AD418E2B92}.Debug|Any CPU.ActiveCfg = Debug|Any CPU
		{66817ABB-DF62-4A44-BEE0-04AD418E2B92}.Debug|Any CPU.Build.0 = Debug|Any CPU
		{66817ABB-DF62-4A44-BEE0-04AD418E2B92}.Release|Any CPU.ActiveCfg = Release|Any CPU
		{66817ABB-DF62-4A44-BEE0-04AD418E2B92}.Release|Any CPU.Build.0 = Release|Any CPU
		{93B00858-A15A-497E-8C16-F422D254BC23}.Debug|Any CPU.ActiveCfg = Debug|Any CPU
		{93B00858-A15A-497E-8C16-F422D254BC23}.Debug|Any CPU.Build.0 = Debug|Any CPU
		{93B00858-A15A-497E-8C16-F422D254BC23}.Release|Any CPU.ActiveCfg = Release|Any CPU
		{93B00858-A15A-497E-8C16-F422D254BC23}.Release|Any CPU.Build.0 = Release|Any CPU
		{00AAB389-830E-4144-B360-D73D3ACC80B1}.Debug|Any CPU.ActiveCfg = Debug|Any CPU
		{00AAB389-830E-4144-B360-D73D3ACC80B1}.Debug|Any CPU.Build.0 = Debug|Any CPU
		{00AAB389-830E-4144-B360-D73D3ACC80B1}.Release|Any CPU.ActiveCfg = Release|Any CPU
		{00AAB389-830E-4144-B360-D73D3ACC80B1}.Release|Any CPU.Build.0 = Release|Any CPU
		{B46B4E34-0965-4E8E-8CE3-CB0A98C3E5F7}.Debug|Any CPU.ActiveCfg = Debug|Any CPU
		{B46B4E34-0965-4E8E-8CE3-CB0A98C3E5F7}.Debug|Any CPU.Build.0 = Debug|Any CPU
		{B46B4E34-0965-4E8E-8CE3-CB0A98C3E5F7}.Release|Any CPU.ActiveCfg = Release|Any CPU
		{B46B4E34-0965-4E8E-8CE3-CB0A98C3E5F7}.Release|Any CPU.Build.0 = Release|Any CPU
		{04D162B2-E4C2-46E7-B701-4F8AF7A693B6}.Debug|Any CPU.ActiveCfg = Debug|Any CPU
		{04D162B2-E4C2-46E7-B701-4F8AF7A693B6}.Debug|Any CPU.Build.0 = Debug|Any CPU
		{04D162B2-E4C2-46E7-B701-4F8AF7A693B6}.Release|Any CPU.ActiveCfg = Release|Any CPU
		{04D162B2-E4C2-46E7-B701-4F8AF7A693B6}.Release|Any CPU.Build.0 = Release|Any CPU
		{A4A0F88A-E9B2-4FE6-B704-EF3B026CFAF4}.Debug|Any CPU.ActiveCfg = Debug|Any CPU
		{A4A0F88A-E9B2-4FE6-B704-EF3B026CFAF4}.Debug|Any CPU.Build.0 = Debug|Any CPU
		{A4A0F88A-E9B2-4FE6-B704-EF3B026CFAF4}.Release|Any CPU.ActiveCfg = Release|Any CPU
		{A4A0F88A-E9B2-4FE6-B704-EF3B026CFAF4}.Release|Any CPU.Build.0 = Release|Any CPU
	EndGlobalSection
	GlobalSection(SolutionProperties) = preSolution
		HideSolutionNode = FALSE
	EndGlobalSection
	GlobalSection(NestedProjects) = preSolution
		{3C6AF3EC-359E-461F-8DE6-A87D1BBF1244} = {22D9D707-B36C-494D-9987-7FE807D8C434}
		{22EAA0D2-BD8D-4839-B809-BA8E593762CD} = {22D9D707-B36C-494D-9987-7FE807D8C434}
		{97FAFFC1-5A4A-4A76-8F8A-2399AE0915B5} = {22D9D707-B36C-494D-9987-7FE807D8C434}
		{049449B3-4923-4202-B07A-3A8E2E2B5B45} = {3C6AF3EC-359E-461F-8DE6-A87D1BBF1244}
		{B4009A03-FD4E-4009-8A1D-D0955A9B6F06} = {C21618ED-DFE8-4CFF-BB14-D88740EC1876}
		{60985108-7B64-43FB-84CE-DE428000D441} = {2171B9DA-8C62-46DC-9C32-3D18A1A7E896}
		{DFFE761F-E0B1-4A76-A27A-84D3B8D5ACFB} = {2171B9DA-8C62-46DC-9C32-3D18A1A7E896}
		{B6E39722-F588-47FE-AB0B-825CF59D6880} = {1DE7BFCB-B0FE-4872-B52C-C9120E55E8F9}
		{C8428822-BC3C-41C0-AA57-AB0330E696B6} = {1DE7BFCB-B0FE-4872-B52C-C9120E55E8F9}
		{C0259389-D4ED-4B26-AE07-28E8D887A3EF} = {1DE7BFCB-B0FE-4872-B52C-C9120E55E8F9}
		{F70CBA29-8D4A-4142-8C9D-EAC2533D106D} = {1DE7BFCB-B0FE-4872-B52C-C9120E55E8F9}
		{07968C59-63DF-41D9-8E50-130E0DF88816} = {F70CBA29-8D4A-4142-8C9D-EAC2533D106D}
		{BB3620C5-E789-4573-991B-DD975E6C12DD} = {F70CBA29-8D4A-4142-8C9D-EAC2533D106D}
		{9F06A607-2396-49D3-AA2C-4162FAFB6708} = {F70CBA29-8D4A-4142-8C9D-EAC2533D106D}
		{EB561700-4B88-4D10-BC20-0C70F085536D} = {2171B9DA-8C62-46DC-9C32-3D18A1A7E896}
		{D05DF8A4-CFFE-4DE6-8CF3-1366419E677F} = {3C6AF3EC-359E-461F-8DE6-A87D1BBF1244}
		{66817ABB-DF62-4A44-BEE0-04AD418E2B92} = {2171B9DA-8C62-46DC-9C32-3D18A1A7E896}
		{93B00858-A15A-497E-8C16-F422D254BC23} = {2171B9DA-8C62-46DC-9C32-3D18A1A7E896}
		{00AAB389-830E-4144-B360-D73D3ACC80B1} = {22EAA0D2-BD8D-4839-B809-BA8E593762CD}
		{C84DA52B-BCCF-45D9-9FFA-60BCA650ECE9} = {22D9D707-B36C-494D-9987-7FE807D8C434}
		{176EF3FD-4F7D-4D14-B909-388507102D25} = {22D9D707-B36C-494D-9987-7FE807D8C434}
		{B46B4E34-0965-4E8E-8CE3-CB0A98C3E5F7} = {C84DA52B-BCCF-45D9-9FFA-60BCA650ECE9}
		{04D162B2-E4C2-46E7-B701-4F8AF7A693B6} = {2171B9DA-8C62-46DC-9C32-3D18A1A7E896}
		{A4A0F88A-E9B2-4FE6-B704-EF3B026CFAF4} = {22EAA0D2-BD8D-4839-B809-BA8E593762CD}
	EndGlobalSection
	GlobalSection(ExtensibilityGlobals) = postSolution
		SolutionGuid = {24715852-D898-4D93-BFBE-C2FB244DE7E4}
	EndGlobalSection
EndGlobal
